
Microsoft Visual Studio Solution File, Format Version 12.00
# Visual Studio Version 16
VisualStudioVersion = 16.0.29306.81
MinimumVisualStudioVersion = 10.0.40219.1
Project("{FAE04EC0-301F-11D3-BF4B-00C04F79EFBC}") = "Shoko.Server", "Shoko.Server\Shoko.Server.csproj", "{DA8F0783-0F82-4106-9860-6F09BA2EA522}"
EndProject
Project("{2150E333-8FDC-42A3-9474-1A3956D46DE8}") = "CloudFilesystem", "CloudFilesystem", "{6568B082-7BB9-4D24-921A-840E8CF1612F}"
EndProject
Project("{FAE04EC0-301F-11D3-BF4B-00C04F79EFBC}") = "NutzCode.CloudFileSystem", "CloudFileSystem\NutzCode.CloudFileSystem\NutzCode.CloudFileSystem.csproj", "{29861D1A-968C-49CA-A637-88B391AA5063}"
EndProject
Project("{FAE04EC0-301F-11D3-BF4B-00C04F79EFBC}") = "NutzCode.CloudFileSystem.Plugins.AmazonCloudDrive", "CloudFileSystem\NutzCode.CloudFileSystem.Plugins.AmazonCloudDrive\NutzCode.CloudFileSystem.Plugins.AmazonCloudDrive.csproj", "{D202B61E-A658-4208-83FC-745E04F43BDE}"
EndProject
Project("{FAE04EC0-301F-11D3-BF4B-00C04F79EFBC}") = "NutzCode.CloudFileSystem.Plugins.GoogleDrive", "CloudFileSystem\NutzCode.CloudFileSystem.Plugins.GoogleDrive\NutzCode.CloudFileSystem.Plugins.GoogleDrive.csproj", "{964A62E6-2DAE-4723-926D-D3E9597B5213}"
EndProject
Project("{FAE04EC0-301F-11D3-BF4B-00C04F79EFBC}") = "NutzCode.CloudFileSystem.Plugins.LocalFileSystem", "CloudFileSystem\NutzCode.CloudFileSystem.Plugins.LocalFileSystem\NutzCode.CloudFileSystem.Plugins.LocalFileSystem.csproj", "{2A705C96-21D4-4061-876F-1BB954E39D25}"
EndProject
Project("{FAE04EC0-301F-11D3-BF4B-00C04F79EFBC}") = "NutzCode.Libraries.Web", "CloudFileSystem\NutzCode.Libraries.Web\NutzCode.Libraries.Web.csproj", "{865C8B13-EB43-439E-9D69-CE7B54DCA4FF}"
EndProject
Project("{FAE04EC0-301F-11D3-BF4B-00C04F79EFBC}") = "NutzCode.CloudFileSystem.Plugins.OneDrive", "CloudFileSystem\NutzCode.CloudFileSystem.Plugins.OneDrive\NutzCode.CloudFileSystem.Plugins.OneDrive.csproj", "{D24D15AA-3E71-45A5-B2AF-7490681DEF68}"
EndProject
Project("{FAE04EC0-301F-11D3-BF4B-00C04F79EFBC}") = "Shoko.Commons", "Shoko.Commons\Shoko.Commons.csproj", "{E0399140-9902-4F38-909D-85E42717EC30}"
EndProject
Project("{FAE04EC0-301F-11D3-BF4B-00C04F79EFBC}") = "Shoko.Models", "Shoko.Commons\Shoko.Models\Shoko.Models.csproj", "{F73F9DF6-580A-4341-B516-8717626F9D42}"
EndProject
Project("{FAE04EC0-301F-11D3-BF4B-00C04F79EFBC}") = "Shoko.UI", "Shoko.UI\Shoko.UI.csproj", "{FFBA1303-E60F-4353-9ECA-434B263AF699}"
	ProjectSection(ProjectDependencies) = postProject
		{865C8B13-EB43-439E-9D69-CE7B54DCA4FF} = {865C8B13-EB43-439E-9D69-CE7B54DCA4FF}
		{D202B61E-A658-4208-83FC-745E04F43BDE} = {D202B61E-A658-4208-83FC-745E04F43BDE}
		{2A705C96-21D4-4061-876F-1BB954E39D25} = {2A705C96-21D4-4061-876F-1BB954E39D25}
		{D24D15AA-3E71-45A5-B2AF-7490681DEF68} = {D24D15AA-3E71-45A5-B2AF-7490681DEF68}
		{964A62E6-2DAE-4723-926D-D3E9597B5213} = {964A62E6-2DAE-4723-926D-D3E9597B5213}
	EndProjectSection
EndProject
Project("{2150E333-8FDC-42A3-9474-1A3956D46DE8}") = "Solution Items", "Solution Items", "{64D264D0-B20E-4889-B535-EFDC52F921C0}"
	ProjectSection(SolutionItems) = preProject
		Dockerfile = Dockerfile
		SharedAssemblyInfo.cs = SharedAssemblyInfo.cs
	EndProjectSection
EndProject
Project("{FAE04EC0-301F-11D3-BF4B-00C04F79EFBC}") = "Shoko.CLI", "Shoko.CLI\Shoko.CLI.csproj", "{3A8E0177-9701-4A59-A6CD-16C6908839EA}"
EndProject
Project("{2150E333-8FDC-42A3-9474-1A3956D46DE8}") = "Dependencies", "Dependencies", "{00DED27E-E274-4202-9527-4E7D07E384FC}"
EndProject
Project("{2150E333-8FDC-42A3-9474-1A3956D46DE8}") = "x86", "x86", "{700D0E2E-FF22-4810-8BC5-537207182EDF}"
	ProjectSection(SolutionItems) = preProject
		Dependencies\x86\librhash.dll = Dependencies\x86\librhash.dll
	EndProjectSection
EndProject
Project("{2150E333-8FDC-42A3-9474-1A3956D46DE8}") = "x64", "x64", "{99CC23E0-FC68-4531-8C8D-72D38CA98F06}"
	ProjectSection(SolutionItems) = preProject
		Dependencies\x64\librhash.dll = Dependencies\x64\librhash.dll
	EndProjectSection
EndProject
Project("{FAE04EC0-301F-11D3-BF4B-00C04F79EFBC}") = "MediaInfoWrapper", "MediaInfoWrapper\MediaInfoWrapper.csproj", "{F3D0C468-467F-4544-905D-20C75D01D2CE}"
EndProject
Global
	GlobalSection(SolutionConfigurationPlatforms) = preSolution
		CLI|Any CPU = CLI|Any CPU
		CLI|Mixed Platforms = CLI|Mixed Platforms
		CLI|Win32 = CLI|Win32
		CLI|x64 = CLI|x64
		Debug|Any CPU = Debug|Any CPU
		Debug|Mixed Platforms = Debug|Mixed Platforms
		Debug|Win32 = Debug|Win32
		Debug|x64 = Debug|x64
		Release|Any CPU = Release|Any CPU
		Release|Mixed Platforms = Release|Mixed Platforms
		Release|Win32 = Release|Win32
		Release|x64 = Release|x64
	EndGlobalSection
	GlobalSection(ProjectConfigurationPlatforms) = postSolution
		{DA8F0783-0F82-4106-9860-6F09BA2EA522}.CLI|Any CPU.ActiveCfg = Release|Any CPU
		{DA8F0783-0F82-4106-9860-6F09BA2EA522}.CLI|Any CPU.Build.0 = Release|Any CPU
		{DA8F0783-0F82-4106-9860-6F09BA2EA522}.CLI|Mixed Platforms.ActiveCfg = Release|Any CPU
		{DA8F0783-0F82-4106-9860-6F09BA2EA522}.CLI|Mixed Platforms.Build.0 = Release|Any CPU
		{DA8F0783-0F82-4106-9860-6F09BA2EA522}.CLI|Win32.ActiveCfg = Release|Any CPU
		{DA8F0783-0F82-4106-9860-6F09BA2EA522}.CLI|x64.ActiveCfg = Release|Any CPU
		{DA8F0783-0F82-4106-9860-6F09BA2EA522}.Debug|Any CPU.ActiveCfg = Debug|Any CPU
		{DA8F0783-0F82-4106-9860-6F09BA2EA522}.Debug|Any CPU.Build.0 = Debug|Any CPU
		{DA8F0783-0F82-4106-9860-6F09BA2EA522}.Debug|Mixed Platforms.ActiveCfg = Debug|Any CPU
		{DA8F0783-0F82-4106-9860-6F09BA2EA522}.Debug|Mixed Platforms.Build.0 = Debug|Any CPU
		{DA8F0783-0F82-4106-9860-6F09BA2EA522}.Debug|Win32.ActiveCfg = Debug|Any CPU
		{DA8F0783-0F82-4106-9860-6F09BA2EA522}.Debug|x64.ActiveCfg = Debug|Any CPU
		{DA8F0783-0F82-4106-9860-6F09BA2EA522}.Release|Any CPU.ActiveCfg = Release|Any CPU
		{DA8F0783-0F82-4106-9860-6F09BA2EA522}.Release|Any CPU.Build.0 = Release|Any CPU
		{DA8F0783-0F82-4106-9860-6F09BA2EA522}.Release|Mixed Platforms.ActiveCfg = Release|Any CPU
		{DA8F0783-0F82-4106-9860-6F09BA2EA522}.Release|Mixed Platforms.Build.0 = Release|Any CPU
		{DA8F0783-0F82-4106-9860-6F09BA2EA522}.Release|Win32.ActiveCfg = Release|Any CPU
		{DA8F0783-0F82-4106-9860-6F09BA2EA522}.Release|x64.ActiveCfg = Release|Any CPU
		{29861D1A-968C-49CA-A637-88B391AA5063}.CLI|Any CPU.ActiveCfg = Release|Any CPU
		{29861D1A-968C-49CA-A637-88B391AA5063}.CLI|Any CPU.Build.0 = Release|Any CPU
		{29861D1A-968C-49CA-A637-88B391AA5063}.CLI|Mixed Platforms.ActiveCfg = Release|Any CPU
		{29861D1A-968C-49CA-A637-88B391AA5063}.CLI|Mixed Platforms.Build.0 = Release|Any CPU
		{29861D1A-968C-49CA-A637-88B391AA5063}.CLI|Win32.ActiveCfg = Release|Any CPU
		{29861D1A-968C-49CA-A637-88B391AA5063}.CLI|Win32.Build.0 = Release|Any CPU
		{29861D1A-968C-49CA-A637-88B391AA5063}.CLI|x64.ActiveCfg = Release|Any CPU
		{29861D1A-968C-49CA-A637-88B391AA5063}.CLI|x64.Build.0 = Release|Any CPU
		{29861D1A-968C-49CA-A637-88B391AA5063}.Debug|Any CPU.ActiveCfg = Debug|Any CPU
		{29861D1A-968C-49CA-A637-88B391AA5063}.Debug|Any CPU.Build.0 = Debug|Any CPU
		{29861D1A-968C-49CA-A637-88B391AA5063}.Debug|Mixed Platforms.ActiveCfg = Debug|Any CPU
		{29861D1A-968C-49CA-A637-88B391AA5063}.Debug|Mixed Platforms.Build.0 = Debug|Any CPU
		{29861D1A-968C-49CA-A637-88B391AA5063}.Debug|Win32.ActiveCfg = Debug|Any CPU
		{29861D1A-968C-49CA-A637-88B391AA5063}.Debug|Win32.Build.0 = Debug|Any CPU
		{29861D1A-968C-49CA-A637-88B391AA5063}.Debug|x64.ActiveCfg = Debug|Any CPU
		{29861D1A-968C-49CA-A637-88B391AA5063}.Debug|x64.Build.0 = Debug|Any CPU
		{29861D1A-968C-49CA-A637-88B391AA5063}.Release|Any CPU.ActiveCfg = Release|Any CPU
		{29861D1A-968C-49CA-A637-88B391AA5063}.Release|Any CPU.Build.0 = Release|Any CPU
		{29861D1A-968C-49CA-A637-88B391AA5063}.Release|Mixed Platforms.ActiveCfg = Release|Any CPU
		{29861D1A-968C-49CA-A637-88B391AA5063}.Release|Mixed Platforms.Build.0 = Release|Any CPU
		{29861D1A-968C-49CA-A637-88B391AA5063}.Release|Win32.ActiveCfg = Release|Any CPU
		{29861D1A-968C-49CA-A637-88B391AA5063}.Release|Win32.Build.0 = Release|Any CPU
		{29861D1A-968C-49CA-A637-88B391AA5063}.Release|x64.ActiveCfg = Release|Any CPU
		{29861D1A-968C-49CA-A637-88B391AA5063}.Release|x64.Build.0 = Release|Any CPU
		{D202B61E-A658-4208-83FC-745E04F43BDE}.CLI|Any CPU.ActiveCfg = Release|Any CPU
		{D202B61E-A658-4208-83FC-745E04F43BDE}.CLI|Any CPU.Build.0 = Release|Any CPU
		{D202B61E-A658-4208-83FC-745E04F43BDE}.CLI|Mixed Platforms.ActiveCfg = Release|Any CPU
		{D202B61E-A658-4208-83FC-745E04F43BDE}.CLI|Mixed Platforms.Build.0 = Release|Any CPU
		{D202B61E-A658-4208-83FC-745E04F43BDE}.CLI|Win32.ActiveCfg = Release|x86
		{D202B61E-A658-4208-83FC-745E04F43BDE}.CLI|Win32.Build.0 = Release|x86
		{D202B61E-A658-4208-83FC-745E04F43BDE}.CLI|x64.ActiveCfg = Release|x64
		{D202B61E-A658-4208-83FC-745E04F43BDE}.CLI|x64.Build.0 = Release|x64
		{D202B61E-A658-4208-83FC-745E04F43BDE}.Debug|Any CPU.ActiveCfg = Debug|Any CPU
		{D202B61E-A658-4208-83FC-745E04F43BDE}.Debug|Any CPU.Build.0 = Debug|Any CPU
		{D202B61E-A658-4208-83FC-745E04F43BDE}.Debug|Mixed Platforms.ActiveCfg = Debug|Any CPU
		{D202B61E-A658-4208-83FC-745E04F43BDE}.Debug|Mixed Platforms.Build.0 = Debug|Any CPU
		{D202B61E-A658-4208-83FC-745E04F43BDE}.Debug|Win32.ActiveCfg = Debug|x86
		{D202B61E-A658-4208-83FC-745E04F43BDE}.Debug|Win32.Build.0 = Debug|x86
		{D202B61E-A658-4208-83FC-745E04F43BDE}.Debug|x64.ActiveCfg = Debug|x64
		{D202B61E-A658-4208-83FC-745E04F43BDE}.Debug|x64.Build.0 = Debug|x64
		{D202B61E-A658-4208-83FC-745E04F43BDE}.Release|Any CPU.ActiveCfg = Release|Any CPU
		{D202B61E-A658-4208-83FC-745E04F43BDE}.Release|Any CPU.Build.0 = Release|Any CPU
		{D202B61E-A658-4208-83FC-745E04F43BDE}.Release|Mixed Platforms.ActiveCfg = Release|Any CPU
		{D202B61E-A658-4208-83FC-745E04F43BDE}.Release|Mixed Platforms.Build.0 = Release|Any CPU
		{D202B61E-A658-4208-83FC-745E04F43BDE}.Release|Win32.ActiveCfg = Release|x86
		{D202B61E-A658-4208-83FC-745E04F43BDE}.Release|Win32.Build.0 = Release|x86
		{D202B61E-A658-4208-83FC-745E04F43BDE}.Release|x64.ActiveCfg = Release|x64
		{D202B61E-A658-4208-83FC-745E04F43BDE}.Release|x64.Build.0 = Release|x64
		{964A62E6-2DAE-4723-926D-D3E9597B5213}.CLI|Any CPU.ActiveCfg = Release|Any CPU
		{964A62E6-2DAE-4723-926D-D3E9597B5213}.CLI|Any CPU.Build.0 = Release|Any CPU
		{964A62E6-2DAE-4723-926D-D3E9597B5213}.CLI|Mixed Platforms.ActiveCfg = Release|Any CPU
		{964A62E6-2DAE-4723-926D-D3E9597B5213}.CLI|Mixed Platforms.Build.0 = Release|Any CPU
		{964A62E6-2DAE-4723-926D-D3E9597B5213}.CLI|Win32.ActiveCfg = Release|Any CPU
		{964A62E6-2DAE-4723-926D-D3E9597B5213}.CLI|Win32.Build.0 = Release|Any CPU
		{964A62E6-2DAE-4723-926D-D3E9597B5213}.CLI|x64.ActiveCfg = Release|Any CPU
		{964A62E6-2DAE-4723-926D-D3E9597B5213}.CLI|x64.Build.0 = Release|Any CPU
		{964A62E6-2DAE-4723-926D-D3E9597B5213}.Debug|Any CPU.ActiveCfg = Debug|Any CPU
		{964A62E6-2DAE-4723-926D-D3E9597B5213}.Debug|Any CPU.Build.0 = Debug|Any CPU
		{964A62E6-2DAE-4723-926D-D3E9597B5213}.Debug|Mixed Platforms.ActiveCfg = Debug|Any CPU
		{964A62E6-2DAE-4723-926D-D3E9597B5213}.Debug|Mixed Platforms.Build.0 = Debug|Any CPU
		{964A62E6-2DAE-4723-926D-D3E9597B5213}.Debug|Win32.ActiveCfg = Debug|Any CPU
		{964A62E6-2DAE-4723-926D-D3E9597B5213}.Debug|Win32.Build.0 = Debug|Any CPU
		{964A62E6-2DAE-4723-926D-D3E9597B5213}.Debug|x64.ActiveCfg = Debug|Any CPU
		{964A62E6-2DAE-4723-926D-D3E9597B5213}.Debug|x64.Build.0 = Debug|Any CPU
		{964A62E6-2DAE-4723-926D-D3E9597B5213}.Release|Any CPU.ActiveCfg = Release|Any CPU
		{964A62E6-2DAE-4723-926D-D3E9597B5213}.Release|Any CPU.Build.0 = Release|Any CPU
		{964A62E6-2DAE-4723-926D-D3E9597B5213}.Release|Mixed Platforms.ActiveCfg = Release|Any CPU
		{964A62E6-2DAE-4723-926D-D3E9597B5213}.Release|Mixed Platforms.Build.0 = Release|Any CPU
		{964A62E6-2DAE-4723-926D-D3E9597B5213}.Release|Win32.ActiveCfg = Release|Any CPU
		{964A62E6-2DAE-4723-926D-D3E9597B5213}.Release|Win32.Build.0 = Release|Any CPU
		{964A62E6-2DAE-4723-926D-D3E9597B5213}.Release|x64.ActiveCfg = Release|Any CPU
		{964A62E6-2DAE-4723-926D-D3E9597B5213}.Release|x64.Build.0 = Release|Any CPU
		{2A705C96-21D4-4061-876F-1BB954E39D25}.CLI|Any CPU.ActiveCfg = Release|Any CPU
		{2A705C96-21D4-4061-876F-1BB954E39D25}.CLI|Any CPU.Build.0 = Release|Any CPU
		{2A705C96-21D4-4061-876F-1BB954E39D25}.CLI|Mixed Platforms.ActiveCfg = Release|Any CPU
		{2A705C96-21D4-4061-876F-1BB954E39D25}.CLI|Mixed Platforms.Build.0 = Release|Any CPU
		{2A705C96-21D4-4061-876F-1BB954E39D25}.CLI|Win32.ActiveCfg = Release|Any CPU
		{2A705C96-21D4-4061-876F-1BB954E39D25}.CLI|Win32.Build.0 = Release|Any CPU
		{2A705C96-21D4-4061-876F-1BB954E39D25}.CLI|x64.ActiveCfg = Release|Any CPU
		{2A705C96-21D4-4061-876F-1BB954E39D25}.CLI|x64.Build.0 = Release|Any CPU
		{2A705C96-21D4-4061-876F-1BB954E39D25}.Debug|Any CPU.ActiveCfg = Debug|Any CPU
		{2A705C96-21D4-4061-876F-1BB954E39D25}.Debug|Any CPU.Build.0 = Debug|Any CPU
		{2A705C96-21D4-4061-876F-1BB954E39D25}.Debug|Mixed Platforms.ActiveCfg = Debug|Any CPU
		{2A705C96-21D4-4061-876F-1BB954E39D25}.Debug|Mixed Platforms.Build.0 = Debug|Any CPU
		{2A705C96-21D4-4061-876F-1BB954E39D25}.Debug|Win32.ActiveCfg = Debug|Any CPU
		{2A705C96-21D4-4061-876F-1BB954E39D25}.Debug|Win32.Build.0 = Debug|Any CPU
		{2A705C96-21D4-4061-876F-1BB954E39D25}.Debug|x64.ActiveCfg = Debug|Any CPU
		{2A705C96-21D4-4061-876F-1BB954E39D25}.Debug|x64.Build.0 = Debug|Any CPU
		{2A705C96-21D4-4061-876F-1BB954E39D25}.Release|Any CPU.ActiveCfg = Release|Any CPU
		{2A705C96-21D4-4061-876F-1BB954E39D25}.Release|Any CPU.Build.0 = Release|Any CPU
		{2A705C96-21D4-4061-876F-1BB954E39D25}.Release|Mixed Platforms.ActiveCfg = Release|Any CPU
		{2A705C96-21D4-4061-876F-1BB954E39D25}.Release|Mixed Platforms.Build.0 = Release|Any CPU
		{2A705C96-21D4-4061-876F-1BB954E39D25}.Release|Win32.ActiveCfg = Release|Any CPU
		{2A705C96-21D4-4061-876F-1BB954E39D25}.Release|Win32.Build.0 = Release|Any CPU
		{2A705C96-21D4-4061-876F-1BB954E39D25}.Release|x64.ActiveCfg = Release|Any CPU
		{2A705C96-21D4-4061-876F-1BB954E39D25}.Release|x64.Build.0 = Release|Any CPU
		{865C8B13-EB43-439E-9D69-CE7B54DCA4FF}.CLI|Any CPU.ActiveCfg = Release|Any CPU
		{865C8B13-EB43-439E-9D69-CE7B54DCA4FF}.CLI|Any CPU.Build.0 = Release|Any CPU
		{865C8B13-EB43-439E-9D69-CE7B54DCA4FF}.CLI|Mixed Platforms.ActiveCfg = Release|Any CPU
		{865C8B13-EB43-439E-9D69-CE7B54DCA4FF}.CLI|Mixed Platforms.Build.0 = Release|Any CPU
		{865C8B13-EB43-439E-9D69-CE7B54DCA4FF}.CLI|Win32.ActiveCfg = Release|Any CPU
		{865C8B13-EB43-439E-9D69-CE7B54DCA4FF}.CLI|Win32.Build.0 = Release|Any CPU
		{865C8B13-EB43-439E-9D69-CE7B54DCA4FF}.CLI|x64.ActiveCfg = Release|Any CPU
		{865C8B13-EB43-439E-9D69-CE7B54DCA4FF}.CLI|x64.Build.0 = Release|Any CPU
		{865C8B13-EB43-439E-9D69-CE7B54DCA4FF}.Debug|Any CPU.ActiveCfg = Debug|Any CPU
		{865C8B13-EB43-439E-9D69-CE7B54DCA4FF}.Debug|Any CPU.Build.0 = Debug|Any CPU
		{865C8B13-EB43-439E-9D69-CE7B54DCA4FF}.Debug|Mixed Platforms.ActiveCfg = Debug|Any CPU
		{865C8B13-EB43-439E-9D69-CE7B54DCA4FF}.Debug|Mixed Platforms.Build.0 = Debug|Any CPU
		{865C8B13-EB43-439E-9D69-CE7B54DCA4FF}.Debug|Win32.ActiveCfg = Debug|Any CPU
		{865C8B13-EB43-439E-9D69-CE7B54DCA4FF}.Debug|Win32.Build.0 = Debug|Any CPU
		{865C8B13-EB43-439E-9D69-CE7B54DCA4FF}.Debug|x64.ActiveCfg = Debug|Any CPU
		{865C8B13-EB43-439E-9D69-CE7B54DCA4FF}.Debug|x64.Build.0 = Debug|Any CPU
		{865C8B13-EB43-439E-9D69-CE7B54DCA4FF}.Release|Any CPU.ActiveCfg = Release|Any CPU
		{865C8B13-EB43-439E-9D69-CE7B54DCA4FF}.Release|Any CPU.Build.0 = Release|Any CPU
		{865C8B13-EB43-439E-9D69-CE7B54DCA4FF}.Release|Mixed Platforms.ActiveCfg = Release|Any CPU
		{865C8B13-EB43-439E-9D69-CE7B54DCA4FF}.Release|Mixed Platforms.Build.0 = Release|Any CPU
		{865C8B13-EB43-439E-9D69-CE7B54DCA4FF}.Release|Win32.ActiveCfg = Release|Any CPU
		{865C8B13-EB43-439E-9D69-CE7B54DCA4FF}.Release|Win32.Build.0 = Release|Any CPU
		{865C8B13-EB43-439E-9D69-CE7B54DCA4FF}.Release|x64.ActiveCfg = Release|Any CPU
		{865C8B13-EB43-439E-9D69-CE7B54DCA4FF}.Release|x64.Build.0 = Release|Any CPU
		{D24D15AA-3E71-45A5-B2AF-7490681DEF68}.CLI|Any CPU.ActiveCfg = Release|Any CPU
		{D24D15AA-3E71-45A5-B2AF-7490681DEF68}.CLI|Any CPU.Build.0 = Release|Any CPU
		{D24D15AA-3E71-45A5-B2AF-7490681DEF68}.CLI|Mixed Platforms.ActiveCfg = Release|Any CPU
		{D24D15AA-3E71-45A5-B2AF-7490681DEF68}.CLI|Mixed Platforms.Build.0 = Release|Any CPU
		{D24D15AA-3E71-45A5-B2AF-7490681DEF68}.CLI|Win32.ActiveCfg = Release|Any CPU
		{D24D15AA-3E71-45A5-B2AF-7490681DEF68}.CLI|Win32.Build.0 = Release|Any CPU
		{D24D15AA-3E71-45A5-B2AF-7490681DEF68}.CLI|x64.ActiveCfg = Release|Any CPU
		{D24D15AA-3E71-45A5-B2AF-7490681DEF68}.CLI|x64.Build.0 = Release|Any CPU
		{D24D15AA-3E71-45A5-B2AF-7490681DEF68}.Debug|Any CPU.ActiveCfg = Debug|Any CPU
		{D24D15AA-3E71-45A5-B2AF-7490681DEF68}.Debug|Any CPU.Build.0 = Debug|Any CPU
		{D24D15AA-3E71-45A5-B2AF-7490681DEF68}.Debug|Mixed Platforms.ActiveCfg = Debug|Any CPU
		{D24D15AA-3E71-45A5-B2AF-7490681DEF68}.Debug|Mixed Platforms.Build.0 = Debug|Any CPU
		{D24D15AA-3E71-45A5-B2AF-7490681DEF68}.Debug|Win32.ActiveCfg = Debug|Any CPU
		{D24D15AA-3E71-45A5-B2AF-7490681DEF68}.Debug|Win32.Build.0 = Debug|Any CPU
		{D24D15AA-3E71-45A5-B2AF-7490681DEF68}.Debug|x64.ActiveCfg = Debug|Any CPU
		{D24D15AA-3E71-45A5-B2AF-7490681DEF68}.Debug|x64.Build.0 = Debug|Any CPU
		{D24D15AA-3E71-45A5-B2AF-7490681DEF68}.Release|Any CPU.ActiveCfg = Release|Any CPU
		{D24D15AA-3E71-45A5-B2AF-7490681DEF68}.Release|Any CPU.Build.0 = Release|Any CPU
		{D24D15AA-3E71-45A5-B2AF-7490681DEF68}.Release|Mixed Platforms.ActiveCfg = Release|Any CPU
		{D24D15AA-3E71-45A5-B2AF-7490681DEF68}.Release|Mixed Platforms.Build.0 = Release|Any CPU
		{D24D15AA-3E71-45A5-B2AF-7490681DEF68}.Release|Win32.ActiveCfg = Release|Any CPU
		{D24D15AA-3E71-45A5-B2AF-7490681DEF68}.Release|Win32.Build.0 = Release|Any CPU
		{D24D15AA-3E71-45A5-B2AF-7490681DEF68}.Release|x64.ActiveCfg = Release|Any CPU
		{D24D15AA-3E71-45A5-B2AF-7490681DEF68}.Release|x64.Build.0 = Release|Any CPU
		{E0399140-9902-4F38-909D-85E42717EC30}.CLI|Any CPU.ActiveCfg = Release|Any CPU
		{E0399140-9902-4F38-909D-85E42717EC30}.CLI|Any CPU.Build.0 = Release|Any CPU
		{E0399140-9902-4F38-909D-85E42717EC30}.CLI|Mixed Platforms.ActiveCfg = Release|Any CPU
		{E0399140-9902-4F38-909D-85E42717EC30}.CLI|Mixed Platforms.Build.0 = Release|Any CPU
		{E0399140-9902-4F38-909D-85E42717EC30}.CLI|Win32.ActiveCfg = Release|Any CPU
		{E0399140-9902-4F38-909D-85E42717EC30}.CLI|Win32.Build.0 = Release|Any CPU
		{E0399140-9902-4F38-909D-85E42717EC30}.CLI|x64.ActiveCfg = Release|Any CPU
		{E0399140-9902-4F38-909D-85E42717EC30}.CLI|x64.Build.0 = Release|Any CPU
		{E0399140-9902-4F38-909D-85E42717EC30}.Debug|Any CPU.ActiveCfg = Debug|Any CPU
		{E0399140-9902-4F38-909D-85E42717EC30}.Debug|Any CPU.Build.0 = Debug|Any CPU
		{E0399140-9902-4F38-909D-85E42717EC30}.Debug|Mixed Platforms.ActiveCfg = Debug|Any CPU
		{E0399140-9902-4F38-909D-85E42717EC30}.Debug|Mixed Platforms.Build.0 = Debug|Any CPU
		{E0399140-9902-4F38-909D-85E42717EC30}.Debug|Win32.ActiveCfg = Debug|Any CPU
		{E0399140-9902-4F38-909D-85E42717EC30}.Debug|Win32.Build.0 = Debug|Any CPU
		{E0399140-9902-4F38-909D-85E42717EC30}.Debug|x64.ActiveCfg = Debug|Any CPU
		{E0399140-9902-4F38-909D-85E42717EC30}.Debug|x64.Build.0 = Debug|Any CPU
		{E0399140-9902-4F38-909D-85E42717EC30}.Release|Any CPU.ActiveCfg = Release|Any CPU
		{E0399140-9902-4F38-909D-85E42717EC30}.Release|Any CPU.Build.0 = Release|Any CPU
		{E0399140-9902-4F38-909D-85E42717EC30}.Release|Mixed Platforms.ActiveCfg = Release|Any CPU
		{E0399140-9902-4F38-909D-85E42717EC30}.Release|Mixed Platforms.Build.0 = Release|Any CPU
		{E0399140-9902-4F38-909D-85E42717EC30}.Release|Win32.ActiveCfg = Release|Any CPU
		{E0399140-9902-4F38-909D-85E42717EC30}.Release|Win32.Build.0 = Release|Any CPU
		{E0399140-9902-4F38-909D-85E42717EC30}.Release|x64.ActiveCfg = Release|Any CPU
		{E0399140-9902-4F38-909D-85E42717EC30}.Release|x64.Build.0 = Release|Any CPU
		{F73F9DF6-580A-4341-B516-8717626F9D42}.CLI|Any CPU.ActiveCfg = Release|Any CPU
		{F73F9DF6-580A-4341-B516-8717626F9D42}.CLI|Any CPU.Build.0 = Release|Any CPU
		{F73F9DF6-580A-4341-B516-8717626F9D42}.CLI|Mixed Platforms.ActiveCfg = Release|Any CPU
		{F73F9DF6-580A-4341-B516-8717626F9D42}.CLI|Mixed Platforms.Build.0 = Release|Any CPU
		{F73F9DF6-580A-4341-B516-8717626F9D42}.CLI|Win32.ActiveCfg = Release|Any CPU
		{F73F9DF6-580A-4341-B516-8717626F9D42}.CLI|Win32.Build.0 = Release|Any CPU
		{F73F9DF6-580A-4341-B516-8717626F9D42}.CLI|x64.ActiveCfg = Release|Any CPU
		{F73F9DF6-580A-4341-B516-8717626F9D42}.CLI|x64.Build.0 = Release|Any CPU
		{F73F9DF6-580A-4341-B516-8717626F9D42}.Debug|Any CPU.ActiveCfg = Debug|Any CPU
		{F73F9DF6-580A-4341-B516-8717626F9D42}.Debug|Any CPU.Build.0 = Debug|Any CPU
		{F73F9DF6-580A-4341-B516-8717626F9D42}.Debug|Mixed Platforms.ActiveCfg = Debug|Any CPU
		{F73F9DF6-580A-4341-B516-8717626F9D42}.Debug|Mixed Platforms.Build.0 = Debug|Any CPU
		{F73F9DF6-580A-4341-B516-8717626F9D42}.Debug|Win32.ActiveCfg = Debug|Any CPU
		{F73F9DF6-580A-4341-B516-8717626F9D42}.Debug|Win32.Build.0 = Debug|Any CPU
		{F73F9DF6-580A-4341-B516-8717626F9D42}.Debug|x64.ActiveCfg = Debug|Any CPU
		{F73F9DF6-580A-4341-B516-8717626F9D42}.Debug|x64.Build.0 = Debug|Any CPU
		{F73F9DF6-580A-4341-B516-8717626F9D42}.Release|Any CPU.ActiveCfg = Release|Any CPU
		{F73F9DF6-580A-4341-B516-8717626F9D42}.Release|Any CPU.Build.0 = Release|Any CPU
		{F73F9DF6-580A-4341-B516-8717626F9D42}.Release|Mixed Platforms.ActiveCfg = Release|Any CPU
		{F73F9DF6-580A-4341-B516-8717626F9D42}.Release|Mixed Platforms.Build.0 = Release|Any CPU
		{F73F9DF6-580A-4341-B516-8717626F9D42}.Release|Win32.ActiveCfg = Release|Any CPU
		{F73F9DF6-580A-4341-B516-8717626F9D42}.Release|Win32.Build.0 = Release|Any CPU
		{F73F9DF6-580A-4341-B516-8717626F9D42}.Release|x64.ActiveCfg = Release|Any CPU
		{F73F9DF6-580A-4341-B516-8717626F9D42}.Release|x64.Build.0 = Release|Any CPU
		{FFBA1303-E60F-4353-9ECA-434B263AF699}.CLI|Any CPU.ActiveCfg = Release|Any CPU
		{FFBA1303-E60F-4353-9ECA-434B263AF699}.CLI|Any CPU.Build.0 = Release|Any CPU
		{FFBA1303-E60F-4353-9ECA-434B263AF699}.CLI|Mixed Platforms.ActiveCfg = Release|Any CPU
		{FFBA1303-E60F-4353-9ECA-434B263AF699}.CLI|Win32.ActiveCfg = Release|Any CPU
		{FFBA1303-E60F-4353-9ECA-434B263AF699}.CLI|Win32.Build.0 = Release|Any CPU
		{FFBA1303-E60F-4353-9ECA-434B263AF699}.CLI|x64.ActiveCfg = Release|Any CPU
		{FFBA1303-E60F-4353-9ECA-434B263AF699}.CLI|x64.Build.0 = Release|Any CPU
		{FFBA1303-E60F-4353-9ECA-434B263AF699}.Debug|Any CPU.ActiveCfg = Debug|Any CPU
		{FFBA1303-E60F-4353-9ECA-434B263AF699}.Debug|Any CPU.Build.0 = Debug|Any CPU
		{FFBA1303-E60F-4353-9ECA-434B263AF699}.Debug|Mixed Platforms.ActiveCfg = Debug|Any CPU
		{FFBA1303-E60F-4353-9ECA-434B263AF699}.Debug|Mixed Platforms.Build.0 = Debug|Any CPU
		{FFBA1303-E60F-4353-9ECA-434B263AF699}.Debug|Win32.ActiveCfg = Debug|Any CPU
		{FFBA1303-E60F-4353-9ECA-434B263AF699}.Debug|Win32.Build.0 = Debug|Any CPU
		{FFBA1303-E60F-4353-9ECA-434B263AF699}.Debug|x64.ActiveCfg = Debug|Any CPU
		{FFBA1303-E60F-4353-9ECA-434B263AF699}.Debug|x64.Build.0 = Debug|Any CPU
		{FFBA1303-E60F-4353-9ECA-434B263AF699}.Release|Any CPU.ActiveCfg = Release|Any CPU
		{FFBA1303-E60F-4353-9ECA-434B263AF699}.Release|Any CPU.Build.0 = Release|Any CPU
		{FFBA1303-E60F-4353-9ECA-434B263AF699}.Release|Mixed Platforms.ActiveCfg = Release|Any CPU
		{FFBA1303-E60F-4353-9ECA-434B263AF699}.Release|Mixed Platforms.Build.0 = Release|Any CPU
		{FFBA1303-E60F-4353-9ECA-434B263AF699}.Release|Win32.ActiveCfg = Release|Any CPU
		{FFBA1303-E60F-4353-9ECA-434B263AF699}.Release|Win32.Build.0 = Release|Any CPU
		{FFBA1303-E60F-4353-9ECA-434B263AF699}.Release|x64.ActiveCfg = Release|Any CPU
		{FFBA1303-E60F-4353-9ECA-434B263AF699}.Release|x64.Build.0 = Release|Any CPU
		{3A8E0177-9701-4A59-A6CD-16C6908839EA}.CLI|Any CPU.ActiveCfg = Release|Any CPU
		{3A8E0177-9701-4A59-A6CD-16C6908839EA}.CLI|Any CPU.Build.0 = Release|Any CPU
		{3A8E0177-9701-4A59-A6CD-16C6908839EA}.CLI|Mixed Platforms.ActiveCfg = Release|Any CPU
		{3A8E0177-9701-4A59-A6CD-16C6908839EA}.CLI|Mixed Platforms.Build.0 = Release|Any CPU
		{3A8E0177-9701-4A59-A6CD-16C6908839EA}.CLI|Win32.ActiveCfg = Release|Any CPU
		{3A8E0177-9701-4A59-A6CD-16C6908839EA}.CLI|Win32.Build.0 = Release|Any CPU
		{3A8E0177-9701-4A59-A6CD-16C6908839EA}.CLI|x64.ActiveCfg = Release|Any CPU
		{3A8E0177-9701-4A59-A6CD-16C6908839EA}.CLI|x64.Build.0 = Release|Any CPU
		{3A8E0177-9701-4A59-A6CD-16C6908839EA}.Debug|Any CPU.ActiveCfg = Debug|Any CPU
		{3A8E0177-9701-4A59-A6CD-16C6908839EA}.Debug|Any CPU.Build.0 = Debug|Any CPU
		{3A8E0177-9701-4A59-A6CD-16C6908839EA}.Debug|Mixed Platforms.ActiveCfg = Debug|Any CPU
		{3A8E0177-9701-4A59-A6CD-16C6908839EA}.Debug|Mixed Platforms.Build.0 = Debug|Any CPU
		{3A8E0177-9701-4A59-A6CD-16C6908839EA}.Debug|Win32.ActiveCfg = Debug|Any CPU
		{3A8E0177-9701-4A59-A6CD-16C6908839EA}.Debug|Win32.Build.0 = Debug|Any CPU
		{3A8E0177-9701-4A59-A6CD-16C6908839EA}.Debug|x64.ActiveCfg = Debug|Any CPU
		{3A8E0177-9701-4A59-A6CD-16C6908839EA}.Debug|x64.Build.0 = Debug|Any CPU
		{3A8E0177-9701-4A59-A6CD-16C6908839EA}.Release|Any CPU.ActiveCfg = Release|Any CPU
		{3A8E0177-9701-4A59-A6CD-16C6908839EA}.Release|Any CPU.Build.0 = Release|Any CPU
		{3A8E0177-9701-4A59-A6CD-16C6908839EA}.Release|Mixed Platforms.ActiveCfg = Release|Any CPU
		{3A8E0177-9701-4A59-A6CD-16C6908839EA}.Release|Mixed Platforms.Build.0 = Release|Any CPU
		{3A8E0177-9701-4A59-A6CD-16C6908839EA}.Release|Win32.ActiveCfg = Release|Any CPU
		{3A8E0177-9701-4A59-A6CD-16C6908839EA}.Release|Win32.Build.0 = Release|Any CPU
		{3A8E0177-9701-4A59-A6CD-16C6908839EA}.Release|x64.ActiveCfg = Release|Any CPU
		{3A8E0177-9701-4A59-A6CD-16C6908839EA}.Release|x64.Build.0 = Release|Any CPU
		{F3D0C468-467F-4544-905D-20C75D01D2CE}.CLI|Mixed Platforms.ActiveCfg = Release|Any CPU
		{F3D0C468-467F-4544-905D-20C75D01D2CE}.CLI|Mixed Platforms.Build.0 = Release|Any CPU
		{F3D0C468-467F-4544-905D-20C75D01D2CE}.Debug|Any CPU.ActiveCfg = Debug|Any CPU
		{F3D0C468-467F-4544-905D-20C75D01D2CE}.Debug|Any CPU.Build.0 = Debug|Any CPU
		{F3D0C468-467F-4544-905D-20C75D01D2CE}.Debug|Mixed Platforms.ActiveCfg = Debug|Any CPU
		{F3D0C468-467F-4544-905D-20C75D01D2CE}.Debug|Mixed Platforms.Build.0 = Debug|Any CPU
		{F3D0C468-467F-4544-905D-20C75D01D2CE}.Debug|Win32.ActiveCfg = Debug|Any CPU
		{F3D0C468-467F-4544-905D-20C75D01D2CE}.Debug|Win32.Build.0 = Debug|Any CPU
		{F3D0C468-467F-4544-905D-20C75D01D2CE}.Debug|x64.ActiveCfg = Debug|Any CPU
		{F3D0C468-467F-4544-905D-20C75D01D2CE}.Debug|x64.Build.0 = Debug|Any CPU
		{F3D0C468-467F-4544-905D-20C75D01D2CE}.Release|Any CPU.ActiveCfg = Release|Any CPU
		{F3D0C468-467F-4544-905D-20C75D01D2CE}.Release|Any CPU.Build.0 = Release|Any CPU
		{F3D0C468-467F-4544-905D-20C75D01D2CE}.Release|Mixed Platforms.ActiveCfg = Release|Any CPU
		{F3D0C468-467F-4544-905D-20C75D01D2CE}.Release|Mixed Platforms.Build.0 = Release|Any CPU
		{F3D0C468-467F-4544-905D-20C75D01D2CE}.Release|Win32.ActiveCfg = Release|Any CPU
		{F3D0C468-467F-4544-905D-20C75D01D2CE}.Release|Win32.Build.0 = Release|Any CPU
		{F3D0C468-467F-4544-905D-20C75D01D2CE}.Release|x64.ActiveCfg = Release|Any CPU
		{F3D0C468-467F-4544-905D-20C75D01D2CE}.Release|x64.Build.0 = Release|Any CPU
		{F3D0C468-467F-4544-905D-20C75D01D2CE}.CLI|Any CPU.ActiveCfg = Release|Any CPU
		{F3D0C468-467F-4544-905D-20C75D01D2CE}.CLI|Any CPU.Build.0 = Release|Any CPU
		{F3D0C468-467F-4544-905D-20C75D01D2CE}.CLI|Win32.ActiveCfg = Release|Any CPU
		{F3D0C468-467F-4544-905D-20C75D01D2CE}.CLI|Win32.Build.0 = Release|Any CPU
		{F3D0C468-467F-4544-905D-20C75D01D2CE}.CLI|x64.ActiveCfg = Release|Any CPU
		{F3D0C468-467F-4544-905D-20C75D01D2CE}.CLI|x64.Build.0 = Release|Any CPU
	EndGlobalSection
	GlobalSection(SolutionProperties) = preSolution
		HideSolutionNode = FALSE
	EndGlobalSection
	GlobalSection(NestedProjects) = preSolution
		{29861D1A-968C-49CA-A637-88B391AA5063} = {6568B082-7BB9-4D24-921A-840E8CF1612F}
		{D202B61E-A658-4208-83FC-745E04F43BDE} = {6568B082-7BB9-4D24-921A-840E8CF1612F}
		{964A62E6-2DAE-4723-926D-D3E9597B5213} = {6568B082-7BB9-4D24-921A-840E8CF1612F}
		{2A705C96-21D4-4061-876F-1BB954E39D25} = {6568B082-7BB9-4D24-921A-840E8CF1612F}
		{865C8B13-EB43-439E-9D69-CE7B54DCA4FF} = {6568B082-7BB9-4D24-921A-840E8CF1612F}
		{D24D15AA-3E71-45A5-B2AF-7490681DEF68} = {6568B082-7BB9-4D24-921A-840E8CF1612F}
		{00DED27E-E274-4202-9527-4E7D07E384FC} = {64D264D0-B20E-4889-B535-EFDC52F921C0}
		{700D0E2E-FF22-4810-8BC5-537207182EDF} = {00DED27E-E274-4202-9527-4E7D07E384FC}
		{99CC23E0-FC68-4531-8C8D-72D38CA98F06} = {00DED27E-E274-4202-9527-4E7D07E384FC}
	EndGlobalSection
	GlobalSection(ExtensibilityGlobals) = postSolution
		SolutionGuid = {1486091B-315E-44FE-8C38-3F9D6E97919B}
	EndGlobalSection
EndGlobal
