
Microsoft Visual Studio Solution File, Format Version 12.00
# Visual Studio 14
VisualStudioVersion = 14.0.25420.1
MinimumVisualStudioVersion = 10.0.40219.1
Project("{FAE04EC0-301F-11D3-BF4B-00C04F79EFBC}") = "Shoko.Models", "Shoko.Models.csproj", "{F73F9DF6-580A-4341-B516-8717626F9D42}"
EndProject
Project("{FAE04EC0-301F-11D3-BF4B-00C04F79EFBC}") = "Nancy.Rest.Annotations", "Nancy.Rest.Annotations\Nancy.Rest.Annotations.csproj", "{2B35AE98-E24B-4A09-B1FB-230B90111B46}"
EndProject
Global
	GlobalSection(SolutionConfigurationPlatforms) = preSolution
		Debug|Any CPU = Debug|Any CPU
		Release|Any CPU = Release|Any CPU
	EndGlobalSection
	GlobalSection(ProjectConfigurationPlatforms) = postSolution
		{F73F9DF6-580A-4341-B516-8717626F9D42}.Debug|Any CPU.ActiveCfg = Debug|Any CPU
		{F73F9DF6-580A-4341-B516-8717626F9D42}.Debug|Any CPU.Build.0 = Debug|Any CPU
		{F73F9DF6-580A-4341-B516-8717626F9D42}.Release|Any CPU.ActiveCfg = Release|Any CPU
		{F73F9DF6-580A-4341-B516-8717626F9D42}.Release|Any CPU.Build.0 = Release|Any CPU
		{2B35AE98-E24B-4A09-B1FB-230B90111B46}.Debug|Any CPU.ActiveCfg = Debug|Any CPU
		{2B35AE98-E24B-4A09-B1FB-230B90111B46}.Debug|Any CPU.Build.0 = Debug|Any CPU
		{2B35AE98-E24B-4A09-B1FB-230B90111B46}.Release|Any CPU.ActiveCfg = Release|Any CPU
		{2B35AE98-E24B-4A09-B1FB-230B90111B46}.Release|Any CPU.Build.0 = Release|Any CPU
	EndGlobalSection
	GlobalSection(SolutionProperties) = preSolution
		HideSolutionNode = FALSE
	EndGlobalSection
EndGlobal
