<?xml version="1.0" encoding="utf-8"?>
<Project ToolsVersion="4.0" xmlns="http://schemas.microsoft.com/developer/msbuild/2003">
  <ItemGroup>
    <Filter Include="Source Files">
      <UniqueIdentifier>{643064fb-b43c-4e13-ab66-fa006d95e3d7}</UniqueIdentifier>
      <Extensions>cpp;c;cxx;rc;def;r;odl;idl;hpj;bat</Extensions>
    </Filter>
    <Filter Include="Header Files">
      <UniqueIdentifier>{0c572f2d-f686-47b0-8ad0-62b4e0c6c1d3}</UniqueIdentifier>
      <Extensions>h;hpp;hxx;hm;inl</Extensions>
    </Filter>
    <Filter Include="Resource Files">
      <UniqueIdentifier>{1c729e05-58c4-4acb-aa48-e837e5aa513a}</UniqueIdentifier>
      <Extensions>ico;cur;bmp;dlg;rc2;rct;bin;rgs;gif;jpg;jpeg;jpe</Extensions>
    </Filter>
  </ItemGroup>
  <ItemGroup>
    <ClCompile Include="hash_crc.cpp">
      <Filter>Source Files</Filter>
    </ClCompile>
    <ClCompile Include="hash_md5.cpp">
      <Filter>Source Files</Filter>
    </ClCompile>
    <ClCompile Include="hash_sha.cpp">
      <Filter>Source Files</Filter>
    </ClCompile>
    <ClCompile Include="hasher.cpp">
      <Filter>Source Files</Filter>
    </ClCompile>
    <ClCompile Include="StdAfx.cpp">
      <Filter>Source Files</Filter>
    </ClCompile>
    <ClCompile Include="MD5.cpp">
      <Filter>Source Files</Filter>
    </ClCompile>
    <ClCompile Include="MD4.cpp">
      <Filter>Source Files</Filter>
    </ClCompile>
    <ClCompile Include="SHA1.cpp">
      <Filter>Source Files</Filter>
    </ClCompile>
  </ItemGroup>
  <ItemGroup>
    <ClInclude Include="hash_wrapper.h">
      <Filter>Header Files</Filter>
    </ClInclude>
    <ClInclude Include="hasher.h">
      <Filter>Header Files</Filter>
    </ClInclude>
    <ClInclude Include="md4.h">
      <Filter>Header Files</Filter>
    </ClInclude>
    <ClInclude Include="SHA.h">
      <Filter>Header Files</Filter>
    </ClInclude>
    <ClInclude Include="StdAfx.h">
      <Filter>Header Files</Filter>
    </ClInclude>
    <ClInclude Include="MD5.h">
      <Filter>Header Files</Filter>
    </ClInclude>
    <ClInclude Include="Utility.hpp">
      <Filter>Header Files</Filter>
    </ClInclude>
  </ItemGroup>
  <ItemGroup>
    <None Include="crc32x86.asm" />
    <None Include="crc32x64.asm" />
    <None Include="MD4x64.asm" />
    <None Include="MD4x86.asm" />
    <None Include="MD5x86.asm" />
    <None Include="MD5x64.asm" />
    <None Include="SHA1x86.asm" />
    <None Include="SHA1x64.asm" />
  </ItemGroup>
</Project>